
Microsoft Visual Studio Solution File, Format Version 12.00
# Visual Studio Version 16
VisualStudioVersion = 16.0.29519.181
MinimumVisualStudioVersion = 10.0.40219.1
Project("{FAE04EC0-301F-11D3-BF4B-00C04F79EFBC}") = "BCT.GHActions.NuGet.Example", "BCT.GHActions.NuGet.Example\BCT.GHActions.NuGet.Example.csproj", "{6121B8E4-3AE6-4845-B0C4-1F632FD33C92}"
EndProject
Global
	GlobalSection(SolutionConfigurationPlatforms) = preSolution
		Debug|Any CPU = Debug|Any CPU
		Release|Any CPU = Release|Any CPU
	EndGlobalSection
	GlobalSection(ProjectConfigurationPlatforms) = postSolution
		{6121B8E4-3AE6-4845-B0C4-1F632FD33C92}.Debug|Any CPU.ActiveCfg = Debug|Any CPU
		{6121B8E4-3AE6-4845-B0C4-1F632FD33C92}.Debug|Any CPU.Build.0 = Debug|Any CPU
		{6121B8E4-3AE6-4845-B0C4-1F632FD33C92}.Release|Any CPU.ActiveCfg = Release|Any CPU
		{6121B8E4-3AE6-4845-B0C4-1F632FD33C92}.Release|Any CPU.Build.0 = Release|Any CPU
	EndGlobalSection
	GlobalSection(SolutionProperties) = preSolution
		HideSolutionNode = FALSE
	EndGlobalSection
	GlobalSection(ExtensibilityGlobals) = postSolution
		SolutionGuid = {C84D4109-7989-4CF0-B356-3FC3D25CBFA1}
	EndGlobalSection
EndGlobal
